Microsoft Visual Studio Solution File, Format Version 12.00
# Visual Studio 15
VisualStudioVersion = 15.0.27004.2002
MinimumVisualStudioVersion = 15.0.26124.0
Project("{2150E333-8FDC-42A3-9474-1A3956D46DE8}") = "src", "src", "{EB8A8530-C16F-45FF-A142-3D15B3FBBBC4}"
EndProject
Project("{6EC3EE1D-3C4E-46DD-8F32-0CC8E7565705}") = "GslCore.NetStandard", "src\GslCore\GslCore.NetStandard.fsproj", "{15276B95-7BEB-4EC2-80EA-A9A0C899A3F5}"
EndProject
Project("{6EC3EE1D-3C4E-46DD-8F32-0CC8E7565705}") = "AmyrisBio.NetStandard", "..\AmyrisBio\src\AmyrisBio\AmyrisBio.NetStandard.fsproj", "{69B4A550-C960-43B8-9EE6-F577DB247A13}"
EndProject
Project("{9A19103F-16F7-4668-BE54-9A1E7A4F7556}") = "XmlProvider", "src\XmlProvider\XmlProvider.csproj", "{14CCFF37-96DF-4B1F-9290-04F08B4BE014}"
EndProject
Project("{2150E333-8FDC-42A3-9474-1A3956D46DE8}") = "external", "external", "{CB3A9599-FDC1-43D6-A91D-DBA34E7AED4A}"
EndProject
Project("{6EC3EE1D-3C4E-46DD-8F32-0CC8E7565705}") = "FsLexYacc.Runtime.NetStandard", "..\FsLexYacc\src\FsLexYacc.Runtime\FsLexYacc.Runtime.NetStandard.fsproj", "{7D551735-9E8E-4458-BBC4-08D122CCC637}"
EndProject
Project("{9A19103F-16F7-4668-BE54-9A1E7A4F7556}") = "Numerics.NetStandard", "..\mathnet-numerics\src\Numerics\Numerics.NetStandard.csproj", "{BA02C46C-78F2-45ED-9820-2A7BA3287356}"
EndProject
Project("{6EC3EE1D-3C4E-46DD-8F32-0CC8E7565705}") = "GslcConsole", "src\GslcConsole\GslcConsole.fsproj", "{79F7FD83-C24A-47AF-8DE9-C54F1265F9F5}"
EndProject
Global
	GlobalSection(SolutionConfigurationPlatforms) = preSolution
		Debug|Any CPU = Debug|Any CPU
		Debug|x64 = Debug|x64
		Debug|x86 = Debug|x86
		Release|Any CPU = Release|Any CPU
		Release|x64 = Release|x64
		Release|x86 = Release|x86
	EndGlobalSection
	GlobalSection(ProjectConfigurationPlatforms) = postSolution
		{15276B95-7BEB-4EC2-80EA-A9A0C899A3F5}.Debug|Any CPU.ActiveCfg = Debug|Any CPU
		{15276B95-7BEB-4EC2-80EA-A9A0C899A3F5}.Debug|Any CPU.Build.0 = Debug|Any CPU
		{15276B95-7BEB-4EC2-80EA-A9A0C899A3F5}.Debug|x64.ActiveCfg = Debug|Any CPU
		{15276B95-7BEB-4EC2-80EA-A9A0C899A3F5}.Debug|x64.Build.0 = Debug|Any CPU
		{15276B95-7BEB-4EC2-80EA-A9A0C899A3F5}.Debug|x86.ActiveCfg = Debug|Any CPU
		{15276B95-7BEB-4EC2-80EA-A9A0C899A3F5}.Debug|x86.Build.0 = Debug|Any CPU
		{15276B95-7BEB-4EC2-80EA-A9A0C899A3F5}.Release|Any CPU.ActiveCfg = Release|Any CPU
		{15276B95-7BEB-4EC2-80EA-A9A0C899A3F5}.Release|Any CPU.Build.0 = Release|Any CPU
		{15276B95-7BEB-4EC2-80EA-A9A0C899A3F5}.Release|x64.ActiveCfg = Release|Any CPU
		{15276B95-7BEB-4EC2-80EA-A9A0C899A3F5}.Release|x64.Build.0 = Release|Any CPU
		{15276B95-7BEB-4EC2-80EA-A9A0C899A3F5}.Release|x86.ActiveCfg = Release|Any CPU
		{15276B95-7BEB-4EC2-80EA-A9A0C899A3F5}.Release|x86.Build.0 = Release|Any CPU
		{69B4A550-C960-43B8-9EE6-F577DB247A13}.Debug|Any CPU.ActiveCfg = Debug|Any CPU
		{69B4A550-C960-43B8-9EE6-F577DB247A13}.Debug|Any CPU.Build.0 = Debug|Any CPU
		{69B4A550-C960-43B8-9EE6-F577DB247A13}.Debug|x64.ActiveCfg = Debug|Any CPU
		{69B4A550-C960-43B8-9EE6-F577DB247A13}.Debug|x64.Build.0 = Debug|Any CPU
		{69B4A550-C960-43B8-9EE6-F577DB247A13}.Debug|x86.ActiveCfg = Debug|Any CPU
		{69B4A550-C960-43B8-9EE6-F577DB247A13}.Debug|x86.Build.0 = Debug|Any CPU
		{69B4A550-C960-43B8-9EE6-F577DB247A13}.Release|Any CPU.ActiveCfg = Release|Any CPU
		{69B4A550-C960-43B8-9EE6-F577DB247A13}.Release|Any CPU.Build.0 = Release|Any CPU
		{69B4A550-C960-43B8-9EE6-F577DB247A13}.Release|x64.ActiveCfg = Release|Any CPU
		{69B4A550-C960-43B8-9EE6-F577DB247A13}.Release|x64.Build.0 = Release|Any CPU
		{69B4A550-C960-43B8-9EE6-F577DB247A13}.Release|x86.ActiveCfg = Release|Any CPU
		{69B4A550-C960-43B8-9EE6-F577DB247A13}.Release|x86.Build.0 = Release|Any CPU
		{14CCFF37-96DF-4B1F-9290-04F08B4BE014}.Debug|Any CPU.ActiveCfg = Debug|Any CPU
		{14CCFF37-96DF-4B1F-9290-04F08B4BE014}.Debug|Any CPU.Build.0 = Debug|Any CPU
		{14CCFF37-96DF-4B1F-9290-04F08B4BE014}.Debug|x64.ActiveCfg = Debug|Any CPU
		{14CCFF37-96DF-4B1F-9290-04F08B4BE014}.Debug|x64.Build.0 = Debug|Any CPU
		{14CCFF37-96DF-4B1F-9290-04F08B4BE014}.Debug|x86.ActiveCfg = Debug|Any CPU
		{14CCFF37-96DF-4B1F-9290-04F08B4BE014}.Debug|x86.Build.0 = Debug|Any CPU
		{14CCFF37-96DF-4B1F-9290-04F08B4BE014}.Release|Any CPU.ActiveCfg = Release|Any CPU
		{14CCFF37-96DF-4B1F-9290-04F08B4BE014}.Release|Any CPU.Build.0 = Release|Any CPU
		{14CCFF37-96DF-4B1F-9290-04F08B4BE014}.Release|x64.ActiveCfg = Release|Any CPU
		{14CCFF37-96DF-4B1F-9290-04F08B4BE014}.Release|x64.Build.0 = Release|Any CPU
		{14CCFF37-96DF-4B1F-9290-04F08B4BE014}.Release|x86.ActiveCfg = Release|Any CPU
		{14CCFF37-96DF-4B1F-9290-04F08B4BE014}.Release|x86.Build.0 = Release|Any CPU
		{7D551735-9E8E-4458-BBC4-08D122CCC637}.Debug|Any CPU.ActiveCfg = Debug|Any CPU
		{7D551735-9E8E-4458-BBC4-08D122CCC637}.Debug|Any CPU.Build.0 = Debug|Any CPU
		{7D551735-9E8E-4458-BBC4-08D122CCC637}.Debug|x64.ActiveCfg = Debug|Any CPU
		{7D551735-9E8E-4458-BBC4-08D122CCC637}.Debug|x64.Build.0 = Debug|Any CPU
		{7D551735-9E8E-4458-BBC4-08D122CCC637}.Debug|x86.ActiveCfg = Debug|Any CPU
		{7D551735-9E8E-4458-BBC4-08D122CCC637}.Debug|x86.Build.0 = Debug|Any CPU
		{7D551735-9E8E-4458-BBC4-08D122CCC637}.Release|Any CPU.ActiveCfg = Release|Any CPU
		{7D551735-9E8E-4458-BBC4-08D122CCC637}.Release|Any CPU.Build.0 = Release|Any CPU
		{7D551735-9E8E-4458-BBC4-08D122CCC637}.Release|x64.ActiveCfg = Release|Any CPU
		{7D551735-9E8E-4458-BBC4-08D122CCC637}.Release|x64.Build.0 = Release|Any CPU
		{7D551735-9E8E-4458-BBC4-08D122CCC637}.Release|x86.ActiveCfg = Release|Any CPU
		{7D551735-9E8E-4458-BBC4-08D122CCC637}.Release|x86.Build.0 = Release|Any CPU
		{BA02C46C-78F2-45ED-9820-2A7BA3287356}.Debug|Any CPU.ActiveCfg = Debug|Any CPU
		{BA02C46C-78F2-45ED-9820-2A7BA3287356}.Debug|Any CPU.Build.0 = Debug|Any CPU
		{BA02C46C-78F2-45ED-9820-2A7BA3287356}.Debug|x64.ActiveCfg = Debug|Any CPU
		{BA02C46C-78F2-45ED-9820-2A7BA3287356}.Debug|x64.Build.0 = Debug|Any CPU
		{BA02C46C-78F2-45ED-9820-2A7BA3287356}.Debug|x86.ActiveCfg = Debug|Any CPU
		{BA02C46C-78F2-45ED-9820-2A7BA3287356}.Debug|x86.Build.0 = Debug|Any CPU
		{BA02C46C-78F2-45ED-9820-2A7BA3287356}.Release|Any CPU.ActiveCfg = Release|Any CPU
		{BA02C46C-78F2-45ED-9820-2A7BA3287356}.Release|Any CPU.Build.0 = Release|Any CPU
		{BA02C46C-78F2-45ED-9820-2A7BA3287356}.Release|x64.ActiveCfg = Release|Any CPU
		{BA02C46C-78F2-45ED-9820-2A7BA3287356}.Release|x64.Build.0 = Release|Any CPU
		{BA02C46C-78F2-45ED-9820-2A7BA3287356}.Release|x86.ActiveCfg = Release|Any CPU
		{BA02C46C-78F2-45ED-9820-2A7BA3287356}.Release|x86.Build.0 = Release|Any CPU
		{79F7FD83-C24A-47AF-8DE9-C54F1265F9F5}.Debug|Any CPU.ActiveCfg = Debug|Any CPU
		{79F7FD83-C24A-47AF-8DE9-C54F1265F9F5}.Debug|Any CPU.Build.0 = Debug|Any CPU
		{79F7FD83-C24A-47AF-8DE9-C54F1265F9F5}.Debug|x64.ActiveCfg = Debug|Any CPU
		{79F7FD83-C24A-47AF-8DE9-C54F1265F9F5}.Debug|x64.Build.0 = Debug|Any CPU
		{79F7FD83-C24A-47AF-8DE9-C54F1265F9F5}.Debug|x86.ActiveCfg = Debug|Any CPU
		{79F7FD83-C24A-47AF-8DE9-C54F1265F9F5}.Debug|x86.Build.0 = Debug|Any CPU
		{79F7FD83-C24A-47AF-8DE9-C54F1265F9F5}.Release|Any CPU.ActiveCfg = Release|Any CPU
		{79F7FD83-C24A-47AF-8DE9-C54F1265F9F5}.Release|Any CPU.Build.0 = Release|Any CPU
		{79F7FD83-C24A-47AF-8DE9-C54F1265F9F5}.Release|x64.ActiveCfg = Release|Any CPU
		{79F7FD83-C24A-47AF-8DE9-C54F1265F9F5}.Release|x64.Build.0 = Release|Any CPU
		{79F7FD83-C24A-47AF-8DE9-C54F1265F9F5}.Release|x86.ActiveCfg = Release|Any CPU
		{79F7FD83-C24A-47AF-8DE9-C54F1265F9F5}.Release|x86.Build.0 = Release|Any CPU
	EndGlobalSection
	GlobalSection(SolutionProperties) = preSolution
		HideSolutionNode = FALSE
	EndGlobalSection
	GlobalSection(NestedProjects) = preSolution
		{15276B95-7BEB-4EC2-80EA-A9A0C899A3F5} = {EB8A8530-C16F-45FF-A142-3D15B3FBBBC4}
		{69B4A550-C960-43B8-9EE6-F577DB247A13} = {CB3A9599-FDC1-43D6-A91D-DBA34E7AED4A}
		{14CCFF37-96DF-4B1F-9290-04F08B4BE014} = {EB8A8530-C16F-45FF-A142-3D15B3FBBBC4}
		{7D551735-9E8E-4458-BBC4-08D122CCC637} = {CB3A9599-FDC1-43D6-A91D-DBA34E7AED4A}
		{BA02C46C-78F2-45ED-9820-2A7BA3287356} = {CB3A9599-FDC1-43D6-A91D-DBA34E7AED4A}
		{79F7FD83-C24A-47AF-8DE9-C54F1265F9F5} = {EB8A8530-C16F-45FF-A142-3D15B3FBBBC4}
	EndGlobalSection
	GlobalSection(ExtensibilityGlobals) = postSolution
		SolutionGuid = {FC0F2C68-D453-490B-87A4-0CF6741CBA65}
	EndGlobalSection
EndGlobal
